
Microsoft Visual Studio Solution File, Format Version 12.00
# Visual Studio 15
VisualStudioVersion = 15.0.26730.16
MinimumVisualStudioVersion = 10.0.40219.1
Project("{FAE04EC0-301F-11D3-BF4B-00C04F79EFBC}") = "TouhouSplits.Service", "TouhouSplits.Service\TouhouSplits.Service.csproj", "{E128F26D-525E-4278-9706-589FDB7024BE}"
EndProject
Project("{FAE04EC0-301F-11D3-BF4B-00C04F79EFBC}") = "TouhouSplits.UI", "TouhouSplits.UI\TouhouSplits.UI.csproj", "{F8889817-460F-4CB8-9236-EB6F1189E79D}"
EndProject
Project("{FAE04EC0-301F-11D3-BF4B-00C04F79EFBC}") = "TouhouSplits.MVVM", "TouhouSplits.MVVM\TouhouSplits.MVVM.csproj", "{7D12F11C-472A-4F9C-8A6A-430F6DA85364}"
EndProject
Project("{FAE04EC0-301F-11D3-BF4B-00C04F79EFBC}") = "TouhouSplits.Service.UnitTests", "TouhouSplits.Service.UnitTests\TouhouSplits.Service.UnitTests.csproj", "{FDF4FB68-D41C-45E2-8ABD-FD25A103BB9F}"
EndProject
Project("{2150E333-8FDC-42A3-9474-1A3956D46DE8}") = "UnitTests", "UnitTests", "{99FE4E47-0681-4E0F-A68C-1BA334D93886}"
EndProject
Project("{FAE04EC0-301F-11D3-BF4B-00C04F79EFBC}") = "TouhouSplits.UI.UnitTests", "TouhouSplits.UI.UnitTests\TouhouSplits.UI.UnitTests.csproj", "{7817825B-91BE-4C1A-BDB6-AAA535DD6DF8}"
EndProject
Project("{FAE04EC0-301F-11D3-BF4B-00C04F79EFBC}") = "TouhouSplits.UnitTests.Utils", "TouhouSplits.UnitTests.Utils\TouhouSplits.UnitTests.Utils.csproj", "{2680D961-6E49-4D76-8E96-A706FF2EF5C9}"
EndProject
Global
	GlobalSection(SolutionConfigurationPlatforms) = preSolution
		Debug|Any CPU = Debug|Any CPU
		Debug|x86 = Debug|x86
		Release|Any CPU = Release|Any CPU
		Release|x86 = Release|x86
	EndGlobalSection
	GlobalSection(ProjectConfigurationPlatforms) = postSolution
		{E128F26D-525E-4278-9706-589FDB7024BE}.Debug|Any CPU.ActiveCfg = Debug|Any CPU
		{E128F26D-525E-4278-9706-589FDB7024BE}.Debug|Any CPU.Build.0 = Debug|Any CPU
		{E128F26D-525E-4278-9706-589FDB7024BE}.Debug|x86.ActiveCfg = Debug|x86
		{E128F26D-525E-4278-9706-589FDB7024BE}.Debug|x86.Build.0 = Debug|x86
		{E128F26D-525E-4278-9706-589FDB7024BE}.Release|Any CPU.ActiveCfg = Release|Any CPU
		{E128F26D-525E-4278-9706-589FDB7024BE}.Release|Any CPU.Build.0 = Release|Any CPU
		{E128F26D-525E-4278-9706-589FDB7024BE}.Release|x86.ActiveCfg = Release|x86
		{E128F26D-525E-4278-9706-589FDB7024BE}.Release|x86.Build.0 = Release|x86
		{F8889817-460F-4CB8-9236-EB6F1189E79D}.Debug|Any CPU.ActiveCfg = Debug|Any CPU
		{F8889817-460F-4CB8-9236-EB6F1189E79D}.Debug|Any CPU.Build.0 = Debug|Any CPU
		{F8889817-460F-4CB8-9236-EB6F1189E79D}.Debug|x86.ActiveCfg = Debug|x86
		{F8889817-460F-4CB8-9236-EB6F1189E79D}.Debug|x86.Build.0 = Debug|x86
		{F8889817-460F-4CB8-9236-EB6F1189E79D}.Release|Any CPU.ActiveCfg = Release|Any CPU
		{F8889817-460F-4CB8-9236-EB6F1189E79D}.Release|Any CPU.Build.0 = Release|Any CPU
		{F8889817-460F-4CB8-9236-EB6F1189E79D}.Release|x86.ActiveCfg = Release|x86
		{F8889817-460F-4CB8-9236-EB6F1189E79D}.Release|x86.Build.0 = Release|x86
		{7D12F11C-472A-4F9C-8A6A-430F6DA85364}.Debug|Any CPU.ActiveCfg = Debug|x86
		{7D12F11C-472A-4F9C-8A6A-430F6DA85364}.Debug|x86.ActiveCfg = Debug|x86
		{7D12F11C-472A-4F9C-8A6A-430F6DA85364}.Debug|x86.Build.0 = Debug|x86
		{7D12F11C-472A-4F9C-8A6A-430F6DA85364}.Release|Any CPU.ActiveCfg = Release|x86
		{7D12F11C-472A-4F9C-8A6A-430F6DA85364}.Release|x86.ActiveCfg = Release|x86
		{7D12F11C-472A-4F9C-8A6A-430F6DA85364}.Release|x86.Build.0 = Release|x86
		{FDF4FB68-D41C-45E2-8ABD-FD25A103BB9F}.Debug|Any CPU.ActiveCfg = Debug|x86
		{FDF4FB68-D41C-45E2-8ABD-FD25A103BB9F}.Debug|x86.ActiveCfg = Debug|x86
		{FDF4FB68-D41C-45E2-8ABD-FD25A103BB9F}.Debug|x86.Build.0 = Debug|x86
		{FDF4FB68-D41C-45E2-8ABD-FD25A103BB9F}.Release|Any CPU.ActiveCfg = Release|x86
		{FDF4FB68-D41C-45E2-8ABD-FD25A103BB9F}.Release|x86.ActiveCfg = Release|x86
		{FDF4FB68-D41C-45E2-8ABD-FD25A103BB9F}.Release|x86.Build.0 = Release|x86
		{7817825B-91BE-4C1A-BDB6-AAA535DD6DF8}.Debug|Any CPU.ActiveCfg = Debug|x86
		{7817825B-91BE-4C1A-BDB6-AAA535DD6DF8}.Debug|x86.ActiveCfg = Debug|x86
		{7817825B-91BE-4C1A-BDB6-AAA535DD6DF8}.Debug|x86.Build.0 = Debug|x86
		{7817825B-91BE-4C1A-BDB6-AAA535DD6DF8}.Release|Any CPU.ActiveCfg = Release|x86
		{7817825B-91BE-4C1A-BDB6-AAA535DD6DF8}.Release|x86.ActiveCfg = Release|x86
		{7817825B-91BE-4C1A-BDB6-AAA535DD6DF8}.Release|x86.Build.0 = Release|x86
		{2680D961-6E49-4D76-8E96-A706FF2EF5C9}.Debug|Any CPU.ActiveCfg = Debug|Any CPU
		{2680D961-6E49-4D76-8E96-A706FF2EF5C9}.Debug|Any CPU.Build.0 = Debug|Any CPU
		{2680D961-6E49-4D76-8E96-A706FF2EF5C9}.Debug|x86.ActiveCfg = Debug|Any CPU
		{2680D961-6E49-4D76-8E96-A706FF2EF5C9}.Debug|x86.Build.0 = Debug|Any CPU
		{2680D961-6E49-4D76-8E96-A706FF2EF5C9}.Release|Any CPU.ActiveCfg = Release|Any CPU
		{2680D961-6E49-4D76-8E96-A706FF2EF5C9}.Release|Any CPU.Build.0 = Release|Any CPU
		{2680D961-6E49-4D76-8E96-A706FF2EF5C9}.Release|x86.ActiveCfg = Release|Any CPU
		{2680D961-6E49-4D76-8E96-A706FF2EF5C9}.Release|x86.Build.0 = Release|Any CPU
	EndGlobalSection
	GlobalSection(SolutionProperties) = preSolution
		HideSolutionNode = FALSE
	EndGlobalSection
	GlobalSection(NestedProjects) = preSolution
		{FDF4FB68-D41C-45E2-8ABD-FD25A103BB9F} = {99FE4E47-0681-4E0F-A68C-1BA334D93886}
		{7817825B-91BE-4C1A-BDB6-AAA535DD6DF8} = {99FE4E47-0681-4E0F-A68C-1BA334D93886}
		{2680D961-6E49-4D76-8E96-A706FF2EF5C9} = {99FE4E47-0681-4E0F-A68C-1BA334D93886}
	EndGlobalSection
	GlobalSection(ExtensibilityGlobals) = postSolution
		SolutionGuid = {AAB8980B-FFB3-4EB3-9517-571378EAE04F}
	EndGlobalSection
EndGlobal
